
Microsoft Visual Studio Solution File, Format Version 12.00
# Visual Studio Version 17
VisualStudioVersion = 17.9.34622.214
MinimumVisualStudioVersion = 10.0.40219.1
Project("{9A19103F-16F7-4668-BE54-9A1E7A4F7556}") = "AspDotNet_MVC", "AspDotNet_MVC\AspDotNet_MVC.csproj", "{61FC7B06-1E03-44F3-A80A-5CABE7AC6121}"
EndProject
Global
	GlobalSection(SolutionConfigurationPlatforms) = preSolution
		Debug|Any CPU = Debug|Any CPU
		Release|Any CPU = Release|Any CPU
	EndGlobalSection
	GlobalSection(ProjectConfigurationPlatforms) = postSolution
		{61FC7B06-1E03-44F3-A80A-5CABE7AC6121}.Debug|Any CPU.ActiveCfg = Debug|Any CPU
		{61FC7B06-1E03-44F3-A80A-5CABE7AC6121}.Debug|Any CPU.Build.0 = Debug|Any CPU
		{61FC7B06-1E03-44F3-A80A-5CABE7AC6121}.Release|Any CPU.ActiveCfg = Release|Any CPU
		{61FC7B06-1E03-44F3-A80A-5CABE7AC6121}.Release|Any CPU.Build.0 = Release|Any CPU
	EndGlobalSection
	GlobalSection(SolutionProperties) = preSolution
		HideSolutionNode = FALSE
	EndGlobalSection
	GlobalSection(ExtensibilityGlobals) = postSolution
		SolutionGuid = {A4345F98-4330-4369-A223-9B23B3C6D21A}
	EndGlobalSection
EndGlobal
